
Microsoft Visual Studio Solution File, Format Version 12.00
# Visual Studio Version 16
VisualStudioVersion = 16.0.29215.179
MinimumVisualStudioVersion = 10.0.40219.1
Project("{FAE04EC0-301F-11D3-BF4B-00C04F79EFBC}") = "lotto", "lotto\lotto.csproj", "{39940A80-AAAC-4674-89A7-F70AC9A5D688}"
EndProject
Global
	GlobalSection(SolutionConfigurationPlatforms) = preSolution
		Debug|Any CPU = Debug|Any CPU
		Release|Any CPU = Release|Any CPU
	EndGlobalSection
	GlobalSection(ProjectConfigurationPlatforms) = postSolution
		{39940A80-AAAC-4674-89A7-F70AC9A5D688}.Debug|Any CPU.ActiveCfg = Debug|Any CPU
		{39940A80-AAAC-4674-89A7-F70AC9A5D688}.Debug|Any CPU.Build.0 = Debug|Any CPU
		{39940A80-AAAC-4674-89A7-F70AC9A5D688}.Release|Any CPU.ActiveCfg = Release|Any CPU
		{39940A80-AAAC-4674-89A7-F70AC9A5D688}.Release|Any CPU.Build.0 = Release|Any CPU
	EndGlobalSection
	GlobalSection(SolutionProperties) = preSolution
		HideSolutionNode = FALSE
	EndGlobalSection
	GlobalSection(ExtensibilityGlobals) = postSolution
		SolutionGuid = {77ACEDC7-9853-4F5F-9D1E-3F7CB52D2A53}
	EndGlobalSection
EndGlobal
